
Microsoft Visual Studio Solution File, Format Version 12.00
# Visual Studio 15
VisualStudioVersion = 15.0.27703.2035
MinimumVisualStudioVersion = 10.0.40219.1
Project("{888888A0-9F3D-457C-B088-3A5042F75D52}") = "EPA_AddressToLonXLatY_viaTGOS", "EPA_AddressToLonXLatY_viaTGOS\EPA_AddressToLonXLatY_viaTGOS.pyproj", "{E4E6A191-7117-439F-B744-1686A088792E}"
EndProject
Global
	GlobalSection(SolutionConfigurationPlatforms) = preSolution
		Debug|Any CPU = Debug|Any CPU
		Release|Any CPU = Release|Any CPU
	EndGlobalSection
	GlobalSection(ProjectConfigurationPlatforms) = postSolution
		{E4E6A191-7117-439F-B744-1686A088792E}.Debug|Any CPU.ActiveCfg = Debug|Any CPU
		{E4E6A191-7117-439F-B744-1686A088792E}.Release|Any CPU.ActiveCfg = Release|Any CPU
	EndGlobalSection
	GlobalSection(SolutionProperties) = preSolution
		HideSolutionNode = FALSE
	EndGlobalSection
	GlobalSection(ExtensibilityGlobals) = postSolution
		SolutionGuid = {4483E33F-5ADE-4C3D-B73A-1A2C3C6B2226}
	EndGlobalSection
EndGlobal
